
Microsoft Visual Studio Solution File, Format Version 12.00
# Visual Studio Version 16
VisualStudioVersion = 16.0.29123.88
MinimumVisualStudioVersion = 10.0.40219.1
Project("{FAE04EC0-301F-11D3-BF4B-00C04F79EFBC}") = "Cwiczenia1", "Cwiczenia1\Cwiczenia1.csproj", "{E0F2AF55-861A-477A-AF1A-4E8A248A329F}"
EndProject
Global
	GlobalSection(SolutionConfigurationPlatforms) = preSolution
		Debug|Any CPU = Debug|Any CPU
		Release|Any CPU = Release|Any CPU
	EndGlobalSection
	GlobalSection(ProjectConfigurationPlatforms) = postSolution
		{E0F2AF55-861A-477A-AF1A-4E8A248A329F}.Debug|Any CPU.ActiveCfg = Debug|Any CPU
		{E0F2AF55-861A-477A-AF1A-4E8A248A329F}.Debug|Any CPU.Build.0 = Debug|Any CPU
		{E0F2AF55-861A-477A-AF1A-4E8A248A329F}.Release|Any CPU.ActiveCfg = Release|Any CPU
		{E0F2AF55-861A-477A-AF1A-4E8A248A329F}.Release|Any CPU.Build.0 = Release|Any CPU
	EndGlobalSection
	GlobalSection(SolutionProperties) = preSolution
		HideSolutionNode = FALSE
	EndGlobalSection
	GlobalSection(ExtensibilityGlobals) = postSolution
		SolutionGuid = {51D827F9-F6C4-4741-944E-3B6E440636C8}
	EndGlobalSection
EndGlobal
